
Microsoft Visual Studio Solution File, Format Version 12.00
# Visual Studio Version 16
VisualStudioVersion = 16.0.29324.140
MinimumVisualStudioVersion = 10.0.40219.1
Project("{FAE04EC0-301F-11D3-BF4B-00C04F79EFBC}") = "ConditionalStatements", "ConditionalStatements\ConditionalStatements.csproj", "{448BD2A1-99F1-4B40-BB0D-77B54740933F}"
EndProject
Global
	GlobalSection(SolutionConfigurationPlatforms) = preSolution
		Debug|Any CPU = Debug|Any CPU
		Release|Any CPU = Release|Any CPU
	EndGlobalSection
	GlobalSection(ProjectConfigurationPlatforms) = postSolution
		{448BD2A1-99F1-4B40-BB0D-77B54740933F}.Debug|Any CPU.ActiveCfg = Debug|Any CPU
		{448BD2A1-99F1-4B40-BB0D-77B54740933F}.Debug|Any CPU.Build.0 = Debug|Any CPU
		{448BD2A1-99F1-4B40-BB0D-77B54740933F}.Release|Any CPU.ActiveCfg = Release|Any CPU
		{448BD2A1-99F1-4B40-BB0D-77B54740933F}.Release|Any CPU.Build.0 = Release|Any CPU
	EndGlobalSection
	GlobalSection(SolutionProperties) = preSolution
		HideSolutionNode = FALSE
	EndGlobalSection
	GlobalSection(ExtensibilityGlobals) = postSolution
		SolutionGuid = {A185E3DB-3A69-4A54-9D5E-61CB1CBB2490}
	EndGlobalSection
EndGlobal
