
Microsoft Visual Studio Solution File, Format Version 12.00
# Visual Studio Version 16
VisualStudioVersion = 16.0.29418.71
MinimumVisualStudioVersion = 10.0.40219.1
Project("{FAE04EC0-301F-11D3-BF4B-00C04F79EFBC}") = "FileExercises", "FileExercises\FileExercises.csproj", "{A11DF4F9-F1DD-4BC3-9D69-95B83A6FE58D}"
EndProject
Global
	GlobalSection(SolutionConfigurationPlatforms) = preSolution
		Debug|Any CPU = Debug|Any CPU
		Release|Any CPU = Release|Any CPU
	EndGlobalSection
	GlobalSection(ProjectConfigurationPlatforms) = postSolution
		{A11DF4F9-F1DD-4BC3-9D69-95B83A6FE58D}.Debug|Any CPU.ActiveCfg = Debug|Any CPU
		{A11DF4F9-F1DD-4BC3-9D69-95B83A6FE58D}.Debug|Any CPU.Build.0 = Debug|Any CPU
		{A11DF4F9-F1DD-4BC3-9D69-95B83A6FE58D}.Release|Any CPU.ActiveCfg = Release|Any CPU
		{A11DF4F9-F1DD-4BC3-9D69-95B83A6FE58D}.Release|Any CPU.Build.0 = Release|Any CPU
	EndGlobalSection
	GlobalSection(SolutionProperties) = preSolution
		HideSolutionNode = FALSE
	EndGlobalSection
	GlobalSection(ExtensibilityGlobals) = postSolution
		SolutionGuid = {345479CC-32EE-4E1A-816E-65C1AE92ABDC}
	EndGlobalSection
EndGlobal
